
Microsoft Visual Studio Solution File, Format Version 11.00
# Visual Studio 2010
Project("{FAE04EC0-301F-11D3-BF4B-00C04F79EFBC}") = "Curs2", "Curs2\Curs2.csproj", "{AF0DBE4D-C74A-4B04-AFA1-A73B5A7243CD}"
EndProject
Global
	GlobalSection(SolutionConfigurationPlatforms) = preSolution
		Debug|x86 = Debug|x86
		Release|x86 = Release|x86
	EndGlobalSection
	GlobalSection(ProjectConfigurationPlatforms) = postSolution
		{AF0DBE4D-C74A-4B04-AFA1-A73B5A7243CD}.Debug|x86.ActiveCfg = Debug|x86
		{AF0DBE4D-C74A-4B04-AFA1-A73B5A7243CD}.Debug|x86.Build.0 = Debug|x86
		{AF0DBE4D-C74A-4B04-AFA1-A73B5A7243CD}.Release|x86.ActiveCfg = Release|x86
		{AF0DBE4D-C74A-4B04-AFA1-A73B5A7243CD}.Release|x86.Build.0 = Release|x86
	EndGlobalSection
	GlobalSection(SolutionProperties) = preSolution
		HideSolutionNode = FALSE
	EndGlobalSection
EndGlobal
